
Microsoft Visual Studio Solution File, Format Version 12.00
# Visual Studio Version 16
VisualStudioVersion = 16.0.29509.3
MinimumVisualStudioVersion = 10.0.40219.1
Project("{FAE04EC0-301F-11D3-BF4B-00C04F79EFBC}") = "Task1", "Task1\Task1.csproj", "{804AACE6-A68F-4E4F-9DB4-CF87A8EB9B95}"
EndProject
Project("{FAE04EC0-301F-11D3-BF4B-00C04F79EFBC}") = "NeuralNetworkTest", "NeuralNetworkTest\NeuralNetworkTest.csproj", "{F8BF0A57-3D07-4447-9EAF-D250B6D9A6F5}"
EndProject
Project("{FAE04EC0-301F-11D3-BF4B-00C04F79EFBC}") = "LinearEquationTest", "LinearEquationTest\LinearEquationTest.csproj", "{DC14939F-AEC8-440D-AB4B-8BCBEB56D261}"
EndProject
Project("{FAE04EC0-301F-11D3-BF4B-00C04F79EFBC}") = "Task2", "Task2\Task2.csproj", "{FFEF96F6-2878-4887-8DC3-ED4965124E0D}"
EndProject
Project("{FAE04EC0-301F-11D3-BF4B-00C04F79EFBC}") = "SystemOfLinearEquationTest", "SystemOfLinearEquationTest\SystemOfLinearEquationTest.csproj", "{A0B4E28C-0050-46E2-9914-70FF586474A8}"
EndProject
Global
	GlobalSection(SolutionConfigurationPlatforms) = preSolution
		Debug|Any CPU = Debug|Any CPU
		Release|Any CPU = Release|Any CPU
	EndGlobalSection
	GlobalSection(ProjectConfigurationPlatforms) = postSolution
		{804AACE6-A68F-4E4F-9DB4-CF87A8EB9B95}.Debug|Any CPU.ActiveCfg = Debug|Any CPU
		{804AACE6-A68F-4E4F-9DB4-CF87A8EB9B95}.Debug|Any CPU.Build.0 = Debug|Any CPU
		{804AACE6-A68F-4E4F-9DB4-CF87A8EB9B95}.Release|Any CPU.ActiveCfg = Release|Any CPU
		{804AACE6-A68F-4E4F-9DB4-CF87A8EB9B95}.Release|Any CPU.Build.0 = Release|Any CPU
		{F8BF0A57-3D07-4447-9EAF-D250B6D9A6F5}.Debug|Any CPU.ActiveCfg = Debug|Any CPU
		{F8BF0A57-3D07-4447-9EAF-D250B6D9A6F5}.Debug|Any CPU.Build.0 = Debug|Any CPU
		{F8BF0A57-3D07-4447-9EAF-D250B6D9A6F5}.Release|Any CPU.ActiveCfg = Release|Any CPU
		{F8BF0A57-3D07-4447-9EAF-D250B6D9A6F5}.Release|Any CPU.Build.0 = Release|Any CPU
		{DC14939F-AEC8-440D-AB4B-8BCBEB56D261}.Debug|Any CPU.ActiveCfg = Debug|Any CPU
		{DC14939F-AEC8-440D-AB4B-8BCBEB56D261}.Debug|Any CPU.Build.0 = Debug|Any CPU
		{DC14939F-AEC8-440D-AB4B-8BCBEB56D261}.Release|Any CPU.ActiveCfg = Release|Any CPU
		{DC14939F-AEC8-440D-AB4B-8BCBEB56D261}.Release|Any CPU.Build.0 = Release|Any CPU
		{FFEF96F6-2878-4887-8DC3-ED4965124E0D}.Debug|Any CPU.ActiveCfg = Debug|Any CPU
		{FFEF96F6-2878-4887-8DC3-ED4965124E0D}.Debug|Any CPU.Build.0 = Debug|Any CPU
		{FFEF96F6-2878-4887-8DC3-ED4965124E0D}.Release|Any CPU.ActiveCfg = Release|Any CPU
		{FFEF96F6-2878-4887-8DC3-ED4965124E0D}.Release|Any CPU.Build.0 = Release|Any CPU
		{A0B4E28C-0050-46E2-9914-70FF586474A8}.Debug|Any CPU.ActiveCfg = Debug|Any CPU
		{A0B4E28C-0050-46E2-9914-70FF586474A8}.Debug|Any CPU.Build.0 = Debug|Any CPU
		{A0B4E28C-0050-46E2-9914-70FF586474A8}.Release|Any CPU.ActiveCfg = Release|Any CPU
		{A0B4E28C-0050-46E2-9914-70FF586474A8}.Release|Any CPU.Build.0 = Release|Any CPU
	EndGlobalSection
	GlobalSection(SolutionProperties) = preSolution
		HideSolutionNode = FALSE
	EndGlobalSection
	GlobalSection(ExtensibilityGlobals) = postSolution
		SolutionGuid = {37884A0D-8E66-4063-B926-130D34F2B923}
	EndGlobalSection
EndGlobal
